// !$*UTF8*$!
{
	archiveVersion = 1;
	classes = {
	};
	objectVersion = 55;
	objects = {

/* Begin PBXBuildFile section */
		B4E471CB2880420B00CAE4B8 /* AppDelegate.swift in Sources */ = {isa = PBXBuildFile; fileRef = B4E471CA2880420B00CAE4B8 /* AppDelegate.swift */; };
		B4E471CD2880420B00CAE4B8 /* SceneDelegate.swift in Sources */ = {isa = PBXBuildFile; fileRef = B4E471CC2880420B00CAE4B8 /* SceneDelegate.swift */; };
		B4E471CF2880420B00CAE4B8 /* ViewController.swift in Sources */ = {isa = PBXBuildFile; fileRef = B4E471CE2880420B00CAE4B8 /* ViewController.swift */; };
		B4E471D22880420B00CAE4B8 /* Main.storyboard in Resources */ = {isa = PBXBuildFile; fileRef = B4E471D02880420B00CAE4B8 /* Main.storyboard */; };
		B4E471D42880420C00CAE4B8 /* Assets.xcassets in Resources */ = {isa = PBXBuildFile; fileRef = B4E471D32880420C00CAE4B8 /* Assets.xcassets */; };
		B4E471D72880420C00CAE4B8 /* LaunchScreen.storyboard in Resources */ = {isa = PBXBuildFile; fileRef = B4E471D52880420C00CAE4B8 /* LaunchScreen.storyboard */; };
		B4E471E22880420D00CAE4B8 /* KiliaroTests.swift in Sources */ = {isa = PBXBuildFile; fileRef = B4E471E12880420D00CAE4B8 /* KiliaroTests.swift */; };
		B4E471EC2880420D00CAE4B8 /* KiliaroUITests.swift in Sources */ = {isa = PBXBuildFile; fileRef = B4E471EB2880420D00CAE4B8 /* KiliaroUITests.swift */; };
		B4E471EE2880420D00CAE4B8 /* KiliaroUITestsLaunchTests.swift in Sources */ = {isa = PBXBuildFile; fileRef = B4E471ED2880420D00CAE4B8 /* KiliaroUITestsLaunchTests.swift */; };
/* End PBXBuildFile section */

/* Begin PBXContainerItemProxy section */
		B4E471DE2880420D00CAE4B8 /* PBXContainerItemProxy */ = {
			isa = PBXContainerItemProxy;
			containerPortal = B4E471BF2880420B00CAE4B8 /* Project object */;
			proxyType = 1;
			remoteGlobalIDString = B4E471C62880420B00CAE4B8;
			remoteInfo = Kiliaro;
		};
		B4E471E82880420D00CAE4B8 /* PBXContainerItemProxy */ = {
			isa = PBXContainerItemProxy;
			containerPortal = B4E471BF2880420B00CAE4B8 /* Project object */;
			proxyType = 1;
			remoteGlobalIDString = B4E471C62880420B00CAE4B8;
			remoteInfo = Kiliaro;
		};
/* End PBXContainerItemProxy section */

/* Begin PBXFileReference section */
		B4E471C72880420B00CAE4B8 /* Kiliaro.app */ = {isa = PBXFileReference; explicitFileType = wrapper.application; includeInIndex = 0; path = Kiliaro.app; sourceTree = BUILT_PRODUCTS_DIR; };
		B4E471CA2880420B00CAE4B8 /* AppDelegate.swift */ = {isa = PBXFileReference; lastKnownFileType = sourcecode.swift; path = AppDelegate.swift; sourceTree = "<group>"; };
		B4E471CC2880420B00CAE4B8 /* SceneDelegate.swift */ = {isa = PBXFileReference; lastKnownFileType = sourcecode.swift; path = SceneDelegate.swift; sourceTree = "<group>"; };
		B4E471CE2880420B00CAE4B8 /* ViewController.swift */ = {isa = PBXFileReference; lastKnownFileType = sourcecode.swift; path = ViewController.swift; sourceTree = "<group>"; };
		B4E471D12880420B00CAE4B8 /* Base */ = {isa = PBXFileReference; lastKnownFileType = file.storyboard; name = Base; path = Base.lproj/Main.storyboard; sourceTree = "<group>"; };
		B4E471D32880420C00CAE4B8 /* Assets.xcassets */ = {isa = PBXFileReference; lastKnownFileType = folder.assetcatalog; path = Assets.xcassets; sourceTree = "<group>"; };
		B4E471D62880420C00CAE4B8 /* Base */ = {isa = PBXFileReference; lastKnownFileType = file.storyboard; name = Base; path = Base.lproj/LaunchScreen.storyboard; sourceTree = "<group>"; };
		B4E471D82880420C00CAE4B8 /* Info.plist */ = {isa = PBXFileReference; lastKnownFileType = text.plist.xml; path = Info.plist; sourceTree = "<group>"; };
		B4E471DD2880420D00CAE4B8 /* KiliaroTests.xctest */ = {isa = PBXFileReference; explicitFileType = wrapper.cfbundle; includeInIndex = 0; path = KiliaroTests.xctest; sourceTree = BUILT_PRODUCTS_DIR; };
		B4E471E12880420D00CAE4B8 /* KiliaroTests.swift */ = {isa = PBXFileReference; lastKnownFileType = sourcecode.swift; path = KiliaroTests.swift; sourceTree = "<group>"; };
		B4E471E72880420D00CAE4B8 /* KiliaroUITests.xctest */ = {isa = PBXFileReference; explicitFileType = wrapper.cfbundle; includeInIndex = 0; path = KiliaroUITests.xctest; sourceTree = BUILT_PRODUCTS_DIR; };
		B4E471EB2880420D00CAE4B8 /* KiliaroUITests.swift */ = {isa = PBXFileReference; lastKnownFileType = sourcecode.swift; path = KiliaroUITests.swift; sourceTree = "<group>"; };
		B4E471ED2880420D00CAE4B8 /* KiliaroUITestsLaunchTests.swift */ = {isa = PBXFileReference; lastKnownFileType = sourcecode.swift; path = KiliaroUITestsLaunchTests.swift; sourceTree = "<group>"; };
/* End PBXFileReference section */

/* Begin PBXFrameworksBuildPhase section */
		B4E471C42880420B00CAE4B8 /* Frameworks */ = {
			isa = PBXFrameworksBuildPhase;
			buildActionMask = 2147483647;
			files = (
			);
			runOnlyForDeploymentPostprocessing = 0;
		};
		B4E471DA2880420D00CAE4B8 /* Frameworks */ = {
			isa = PBXFrameworksBuildPhase;
			buildActionMask = 2147483647;
			files = (
			);
			runOnlyForDeploymentPostprocessing = 0;
		};
		B4E471E42880420D00CAE4B8 /* Frameworks */ = {
			isa = PBXFrameworksBuildPhase;
			buildActionMask = 2147483647;
			files = (
			);
			runOnlyForDeploymentPostprocessing = 0;
		};
/* End PBXFrameworksBuildPhase section */

/* Begin PBXGroup section */
		B4E471BE2880420B00CAE4B8 = {
			isa = PBXGroup;
			children = (
				B4E471C92880420B00CAE4B8 /* Kiliaro */,
				B4E471E02880420D00CAE4B8 /* KiliaroTests */,
				B4E471EA2880420D00CAE4B8 /* KiliaroUITests */,
				B4E471C82880420B00CAE4B8 /* Products */,
			);
			sourceTree = "<group>";
		};
		B4E471C82880420B00CAE4B8 /* Products */ = {
			isa = PBXGroup;
			children = (
				B4E471C72880420B00CAE4B8 /* Kiliaro.app */,
				B4E471DD2880420D00CAE4B8 /* KiliaroTests.xctest */,
				B4E471E72880420D00CAE4B8 /* KiliaroUITests.xctest */,
			);
			name = Products;
			sourceTree = "<group>";
		};
		B4E471C92880420B00CAE4B8 /* Kiliaro */ = {
			isa = PBXGroup;
			children = (
				B4E471CA2880420B00CAE4B8 /* AppDelegate.swift */,
				B4E471CC2880420B00CAE4B8 /* SceneDelegate.swift */,
				B4E471CE2880420B00CAE4B8 /* ViewController.swift */,
				B4E471D02880420B00CAE4B8 /* Main.storyboard */,
				B4E471D32880420C00CAE4B8 /* Assets.xcassets */,
				B4E471D52880420C00CAE4B8 /* LaunchScreen.storyboard */,
				B4E471D82880420C00CAE4B8 /* Info.plist */,
			);
			path = Kiliaro;
			sourceTree = "<group>";
		};
		B4E471E02880420D00CAE4B8 /* KiliaroTests */ = {
			isa = PBXGroup;
			children = (
				B4E471E12880420D00CAE4B8 /* KiliaroTests.swift */,
			);
			path = KiliaroTests;
			sourceTree = "<group>";
		};
		B4E471EA2880420D00CAE4B8 /* KiliaroUITests */ = {
			isa = PBXGroup;
			children = (
				B4E471EB2880420D00CAE4B8 /* KiliaroUITests.swift */,
				B4E471ED2880420D00CAE4B8 /* KiliaroUITestsLaunchTests.swift */,
			);
			path = KiliaroUITests;
			sourceTree = "<group>";
		};
/* End PBXGroup section */

/* Begin PBXNativeTarget section */
		B4E471C62880420B00CAE4B8 /* Kiliaro */ = {
			isa = PBXNativeTarget;
			buildConfigurationList = B4E471F12880420D00CAE4B8 /* Build configuration list for PBXNativeTarget "Kiliaro" */;
			buildPhases = (
				B4E471C32880420B00CAE4B8 /* Sources */,
				B4E471C42880420B00CAE4B8 /* Frameworks */,
				B4E471C52880420B00CAE4B8 /* Resources */,
			);
			buildRules = (
			);
			dependencies = (
			);
			name = Kiliaro;
			productName = Kiliaro;
			productReference = B4E471C72880420B00CAE4B8 /* Kiliaro.app */;
			productType = "com.apple.product-type.application";
		};
		B4E471DC2880420D00CAE4B8 /* KiliaroTests */ = {
			isa = PBXNativeTarget;
			buildConfigurationList = B4E471F42880420D00CAE4B8 /* Build configuration list for PBXNativeTarget "KiliaroTests" */;
			buildPhases = (
				B4E471D92880420D00CAE4B8 /* Sources */,
				B4E471DA2880420D00CAE4B8 /* Frameworks */,
				B4E471DB2880420D00CAE4B8 /* Resources */,
			);
			buildRules = (
			);
			dependencies = (
				B4E471DF2880420D00CAE4B8 /* PBXTargetDependency */,
			);
			name = KiliaroTests;
			productName = KiliaroTests;
			productReference = B4E471DD2880420D00CAE4B8 /* KiliaroTests.xctest */;
			productType = "com.apple.product-type.bundle.unit-test";
		};
		B4E471E62880420D00CAE4B8 /* KiliaroUITests */ = {
			isa = PBXNativeTarget;
			buildConfigurationList = B4E471F72880420D00CAE4B8 /* Build configuration list for PBXNativeTarget "KiliaroUITests" */;
			buildPhases = (
				B4E471E32880420D00CAE4B8 /* Sources */,
				B4E471E42880420D00CAE4B8 /* Frameworks */,
				B4E471E52880420D00CAE4B8 /* Resources */,
			);
			buildRules = (
			);
			dependencies = (
				B4E471E92880420D00CAE4B8 /* PBXTargetDependency */,
			);
			name = KiliaroUITests;
			productName = KiliaroUITests;
			productReference = B4E471E72880420D00CAE4B8 /* KiliaroUITests.xctest */;
			productType = "com.apple.product-type.bundle.ui-testing";
		};
/* End PBXNativeTarget section */

/* Begin PBXProject section */
		B4E471BF2880420B00CAE4B8 /* Project object */ = {
			isa = PBXProject;
			attributes = {
				BuildIndependentTargetsInParallel = 1;
				LastSwiftUpdateCheck = 1330;
				LastUpgradeCheck = 1330;
				TargetAttributes = {
					B4E471C62880420B00CAE4B8 = {
						CreatedOnToolsVersion = 13.3;
					};
					B4E471DC2880420D00CAE4B8 = {
						CreatedOnToolsVersion = 13.3;
						TestTargetID = B4E471C62880420B00CAE4B8;
					};
					B4E471E62880420D00CAE4B8 = {
						CreatedOnToolsVersion = 13.3;
						TestTargetID = B4E471C62880420B00CAE4B8;
					};
				};
			};
			buildConfigurationList = B4E471C22880420B00CAE4B8 /* Build configuration list for PBXProject "Kiliaro" */;
			compatibilityVersion = "Xcode 13.0";
			developmentRegion = en;
			hasScannedForEncodings = 0;
			knownRegions = (
				en,
				Base,
			);
			mainGroup = B4E471BE2880420B00CAE4B8;
			productRefGroup = B4E471C82880420B00CAE4B8 /* Products */;
			projectDirPath = "";
			projectRoot = "";
			targets = (
				B4E471C62880420B00CAE4B8 /* Kiliaro */,
				B4E471DC2880420D00CAE4B8 /* KiliaroTests */,
				B4E471E62880420D00CAE4B8 /* KiliaroUITests */,
			);
		};
/* End PBXProject section */

/* Begin PBXResourcesBuildPhase section */
		B4E471C52880420B00CAE4B8 /* Resources */ = {
			isa = PBXResourcesBuildPhase;
			buildActionMask = 2147483647;
			files = (
				B4E471D72880420C00CAE4B8 /* LaunchScreen.storyboard in Resources */,
				B4E471D42880420C00CAE4B8 /* Assets.xcassets in Resources */,
				B4E471D22880420B00CAE4B8 /* Main.storyboard in Resources */,
			);
			runOnlyForDeploymentPostprocessing = 0;
		};
		B4E471DB2880420D00CAE4B8 /* Resources */ = {
			isa = PBXResourcesBuildPhase;
			buildActionMask = 2147483647;
			files = (
			);
			runOnlyForDeploymentPostprocessing = 0;
		};
		B4E471E52880420D00CAE4B8 /* Resources */ = {
			isa = PBXResourcesBuildPhase;
			buildActionMask = 2147483647;
			files = (
			);
			runOnlyForDeploymentPostprocessing = 0;
		};
/* End PBXResourcesBuildPhase section */

/* Begin PBXSourcesBuildPhase section */
		B4E471C32880420B00CAE4B8 /* Sources */ = {
			isa = PBXSourcesBuildPhase;
			buildActionMask = 2147483647;
			files = (
				B4E471CF2880420B00CAE4B8 /* ViewController.swift in Sources */,
				B4E471CB2880420B00CAE4B8 /* AppDelegate.swift in Sources */,
				B4E471CD2880420B00CAE4B8 /* SceneDelegate.swift in Sources */,
			);
			runOnlyForDeploymentPostprocessing = 0;
		};
		B4E471D92880420D00CAE4B8 /* Sources */ = {
			isa = PBXSourcesBuildPhase;
			buildActionMask = 2147483647;
			files = (
				B4E471E22880420D00CAE4B8 /* KiliaroTests.swift in Sources */,
			);
			runOnlyForDeploymentPostprocessing = 0;
		};
		B4E471E32880420D00CAE4B8 /* Sources */ = {
			isa = PBXSourcesBuildPhase;
			buildActionMask = 2147483647;
			files = (
				B4E471EE2880420D00CAE4B8 /* KiliaroUITestsLaunchTests.swift in Sources */,
				B4E471EC2880420D00CAE4B8 /* KiliaroUITests.swift in Sources */,
			);
			runOnlyForDeploymentPostprocessing = 0;
		};
/* End PBXSourcesBuildPhase section */

/* Begin PBXTargetDependency section */
		B4E471DF2880420D00CAE4B8 /* PBXTargetDependency */ = {
			isa = PBXTargetDependency;
			target = B4E471C62880420B00CAE4B8 /* Kiliaro */;
			targetProxy = B4E471DE2880420D00CAE4B8 /* PBXContainerItemProxy */;
		};
		B4E471E92880420D00CAE4B8 /* PBXTargetDependency */ = {
			isa = PBXTargetDependency;
			target = B4E471C62880420B00CAE4B8 /* Kiliaro */;
			targetProxy = B4E471E82880420D00CAE4B8 /* PBXContainerItemProxy */;
		};
/* End PBXTargetDependency section */

/* Begin PBXVariantGroup section */
		B4E471D02880420B00CAE4B8 /* Main.storyboard */ = {
			isa = PBXVariantGroup;
			children = (
				B4E471D12880420B00CAE4B8 /* Base */,
			);
			name = Main.storyboard;
			sourceTree = "<group>";
		};
		B4E471D52880420C00CAE4B8 /* LaunchScreen.storyboard */ = {
			isa = PBXVariantGroup;
			children = (
				B4E471D62880420C00CAE4B8 /* Base */,
			);
			name = LaunchScreen.storyboard;
			sourceTree = "<group>";
		};
/* End PBXVariantGroup section */

/* Begin XCBuildConfiguration section */
		B4E471EF2880420D00CAE4B8 /* Debug */ = {
			isa = XCBuildConfiguration;
			buildSettings = {
				ALWAYS_SEARCH_USER_PATHS = NO;
				CLANG_ANALYZER_NONNULL = YES;
				CLANG_ANALYZER_NUMBER_OBJECT_CONVERSION = YES_AGGRESSIVE;
				CLANG_CXX_LANGUAGE_STANDARD = "gnu++17";
				CLANG_ENABLE_MODULES = YES;
				CLANG_ENABLE_OBJC_ARC = YES;
				CLANG_ENABLE_OBJC_WEAK = YES;
				CLANG_WARN_BLOCK_CAPTURE_AUTORELEASING = YES;
				CLANG_WARN_BOOL_CONVERSION = YES;
				CLANG_WARN_COMMA = YES;
				CLANG_WARN_CONSTANT_CONVERSION = YES;
				CLANG_WARN_DEPRECATED_OBJC_IMPLEMENTATIONS = YES;
				CLANG_WARN_DIRECT_OBJC_ISA_USAGE = YES_ERROR;
				CLANG_WARN_DOCUMENTATION_COMMENTS = YES;
				CLANG_WARN_EMPTY_BODY = YES;
				CLANG_WARN_ENUM_CONVERSION = YES;
				CLANG_WARN_INFINITE_RECURSION = YES;
				CLANG_WARN_INT_CONVERSION = YES;
				CLANG_WARN_NON_LITERAL_NULL_CONVERSION = YES;
				CLANG_WARN_OBJC_IMPLICIT_RETAIN_SELF = YES;
				CLANG_WARN_OBJC_LITERAL_CONVERSION = YES;
				CLANG_WARN_OBJC_ROOT_CLASS = YES_ERROR;
				CLANG_WARN_QUOTED_INCLUDE_IN_FRAMEWORK_HEADER = YES;
				CLANG_WARN_RANGE_LOOP_ANALYSIS = YES;
				CLANG_WARN_STRICT_PROTOTYPES = YES;
				CLANG_WARN_SUSPICIOUS_MOVE = YES;
				CLANG_WARN_UNGUARDED_AVAILABILITY = YES_AGGRESSIVE;
				CLANG_WARN_UNREACHABLE_CODE = YES;
				CLANG_WARN__DUPLICATE_METHOD_MATCH = YES;
				COPY_PHASE_STRIP = NO;
				DEBUG_INFORMATION_FORMAT = dwarf;
				ENABLE_STRICT_OBJC_MSGSEND = YES;
				ENABLE_TESTABILITY = YES;
				GCC_C_LANGUAGE_STANDARD = gnu11;
				GCC_DYNAMIC_NO_PIC = NO;
				GCC_NO_COMMON_BLOCKS = YES;
				GCC_OPTIMIZATION_LEVEL = 0;
				GCC_PREPROCESSOR_DEFINITIONS = (
					"DEBUG=1",
					"$(inherited)",
				);
				GCC_WARN_64_TO_32_BIT_CONVERSION = YES;
				GCC_WARN_ABOUT_RETURN_TYPE = YES_ERROR;
				GCC_WARN_UNDECLARED_SELECTOR = YES;
				GCC_WARN_UNINITIALIZED_AUTOS = YES_AGGRESSIVE;
				GCC_WARN_UNUSED_FUNCTION = YES;
				GCC_WARN_UNUSED_VARIABLE = YES;
				IPHONEOS_DEPLOYMENT_TARGET = 15.4;
				MTL_ENABLE_DEBUG_INFO = INCLUDE_SOURCE;
				MTL_FAST_MATH = YES;
				ONLY_ACTIVE_ARCH = YES;
				SDKROOT = iphoneos;
				SWIFT_ACTIVE_COMPILATION_CONDITIONS = DEBUG;
				SWIFT_OPTIMIZATION_LEVEL = "-Onone";
			};
			name = Debug;
		};
		B4E471F02880420D00CAE4B8 /* Release */ = {
			isa = XCBuildConfiguration;
			buildSettings = {
				ALWAYS_SEARCH_USER_PATHS = NO;
				CLANG_ANALYZER_NONNULL = YES;
				CLANG_ANALYZER_NUMBER_OBJECT_CONVERSION = YES_AGGRESSIVE;
				CLANG_CXX_LANGUAGE_STANDARD = "gnu++17";
				CLANG_ENABLE_MODULES = YES;
				CLANG_ENABLE_OBJC_ARC = YES;
				CLANG_ENABLE_OBJC_WEAK = YES;
				CLANG_WARN_BLOCK_CAPTURE_AUTORELEASING = YES;
				CLANG_WARN_BOOL_CONVERSION = YES;
				CLANG_WARN_COMMA = YES;
				CLANG_WARN_CONSTANT_CONVERSION = YES;
				CLANG_WARN_DEPRECATED_OBJC_IMPLEMENTATIONS = YES;
				CLANG_WARN_DIRECT_OBJC_ISA_USAGE = YES_ERROR;
				CLANG_WARN_DOCUMENTATION_COMMENTS = YES;
				CLANG_WARN_EMPTY_BODY = YES;
				CLANG_WARN_ENUM_CONVERSION = YES;
				CLANG_WARN_INFINITE_RECURSION = YES;
				CLANG_WARN_INT_CONVERSION = YES;
				CLANG_WARN_NON_LITERAL_NULL_CONVERSION = YES;
				CLANG_WARN_OBJC_IMPLICIT_RETAIN_SELF = YES;
				CLANG_WARN_OBJC_LITERAL_CONVERSION = YES;
				CLANG_WARN_OBJC_ROOT_CLASS = YES_ERROR;
				CLANG_WARN_QUOTED_INCLUDE_IN_FRAMEWORK_HEADER = YES;
				CLANG_WARN_RANGE_LOOP_ANALYSIS = YES;
				CLANG_WARN_STRICT_PROTOTYPES = YES;
				CLANG_WARN_SUSPICIOUS_MOVE = YES;
				CLANG_WARN_UNGUARDED_AVAILABILITY = YES_AGGRESSIVE;
				CLANG_WARN_UNREACHABLE_CODE = YES;
				CLANG_WARN__DUPLICATE_METHOD_MATCH = YES;
				COPY_PHASE_STRIP = NO;
				DEBUG_INFORMATION_FORMAT = "dwarf-with-dsym";
				ENABLE_NS_ASSERTIONS = NO;
				ENABLE_STRICT_OBJC_MSGSEND = YES;
				GCC_C_LANGUAGE_STANDARD = gnu11;
				GCC_NO_COMMON_BLOCKS = YES;
				GCC_WARN_64_TO_32_BIT_CONVERSION = YES;
				GCC_WARN_ABOUT_RETURN_TYPE = YES_ERROR;
				GCC_WARN_UNDECLARED_SELECTOR = YES;
				GCC_WARN_UNINITIALIZED_AUTOS = YES_AGGRESSIVE;
				GCC_WARN_UNUSED_FUNCTION = YES;
				GCC_WARN_UNUSED_VARIABLE = YES;
				IPHONEOS_DEPLOYMENT_TARGET = 15.4;
				MTL_ENABLE_DEBUG_INFO = NO;
				MTL_FAST_MATH = YES;
				SDKROOT = iphoneos;
				SWIFT_COMPILATION_MODE = wholemodule;
				SWIFT_OPTIMIZATION_LEVEL = "-O";
				VALIDATE_PRODUCT = YES;
			};
			name = Release;
		};
		B4E471F22880420D00CAE4B8 /* Debug */ = {
			isa = XCBuildConfiguration;
			buildSettings = {
				ASSETCATALOG_COMPILER_APPICON_NAME = AppIcon;
				ASSETCATALOG_COMPILER_GLOBAL_ACCENT_COLOR_NAME = AccentColor;
				CODE_SIGN_STYLE = Automatic;
				CURRENT_PROJECT_VERSION = 1;
				GENERATE_INFOPLIST_FILE = YES;
				INFOPLIST_FILE = Kiliaro/Info.plist;
				INFOPLIST_KEY_UIApplicationSupportsIndirectInputEvents = YES;
				INFOPLIST_KEY_UILaunchStoryboardName = LaunchScreen;
				INFOPLIST_KEY_UIMainStoryboardFile = Main;
				INFOPLIST_KEY_UISupportedInterfaceOrientations_iPad = "UIInterfaceOrientationPortrait UIInterfaceOrientationPortraitUpsideDown UIInterfaceOrientationLandscapeLeft UIInterfaceOrientationLandscapeRight";
				INFOPLIST_KEY_UISupportedInterfaceOrientations_iPhone = "UIInterfaceOrientationPortrait UIInterfaceOrientationLandscapeLeft UIInterfaceOrientationLandscapeRight";
				LD_RUNPATH_SEARCH_PATHS = (
					"$(inherited)",
					"@executable_path/Frameworks",
				);
				MARKETING_VERSION = 1.0;
				PRODUCT_BUNDLE_IDENTIFIER = com.sajjad.test.Kiliaro;
				PRODUCT_NAME = "$(TARGET_NAME)";
				SWIFT_EMIT_LOC_STRINGS = YES;
				SWIFT_VERSION = 5.0;
				TARGETED_DEVICE_FAMILY = "1,2";
			};
			name = Debug;
		};
		B4E471F32880420D00CAE4B8 /* Release */ = {
			isa = XCBuildConfiguration;
			buildSettings = {
				ASSETCATALOG_COMPILER_APPICON_NAME = AppIcon;
				ASSETCATALOG_COMPILER_GLOBAL_ACCENT_COLOR_NAME = AccentColor;
				CODE_SIGN_STYLE = Automatic;
				CURRENT_PROJECT_VERSION = 1;
				GENERATE_INFOPLIST_FILE = YES;
				INFOPLIST_FILE = Kiliaro/Info.plist;
				INFOPLIST_KEY_UIApplicationSupportsIndirectInputEvents = YES;
				INFOPLIST_KEY_UILaunchStoryboardName = LaunchScreen;
				INFOPLIST_KEY_UIMainStoryboardFile = Main;
				INFOPLIST_KEY_UISupportedInterfaceOrientations_iPad = "UIInterfaceOrientationPortrait UIInterfaceOrientationPortraitUpsideDown UIInterfaceOrientationLandscapeLeft UIInterfaceOrientationLandscapeRight";
				INFOPLIST_KEY_UISupportedInterfaceOrientations_iPhone = "UIInterfaceOrientationPortrait UIInterfaceOrientationLandscapeLeft UIInterfaceOrientationLandscapeRight";
				LD_RUNPATH_SEARCH_PATHS = (
					"$(inherited)",
					"@executable_path/Frameworks",
				);
				MARKETING_VERSION = 1.0;
				PRODUCT_BUNDLE_IDENTIFIER = com.sajjad.test.Kiliaro;
				PRODUCT_NAME = "$(TARGET_NAME)";
				SWIFT_EMIT_LOC_STRINGS = YES;
				SWIFT_VERSION = 5.0;
				TARGETED_DEVICE_FAMILY = "1,2";
			};
			name = Release;
		};
		B4E471F52880420D00CAE4B8 /* Debug */ = {
			isa = XCBuildConfiguration;
			buildSettings = {
				ALWAYS_EMBED_SWIFT_STANDARD_LIBRARIES = YES;
				BUNDLE_LOADER = "$(TEST_HOST)";
				CODE_SIGN_STYLE = Automatic;
				CURRENT_PROJECT_VERSION = 1;
				GENERATE_INFOPLIST_FILE = YES;
				IPHONEOS_DEPLOYMENT_TARGET = 15.4;
				MARKETING_VERSION = 1.0;
				PRODUCT_BUNDLE_IDENTIFIER = com.sajjad.test.KiliaroTests;
				PRODUCT_NAME = "$(TARGET_NAME)";
				SWIFT_EMIT_LOC_STRINGS = NO;
				SWIFT_VERSION = 5.0;
				TARGETED_DEVICE_FAMILY = "1,2";
				TEST_HOST = "$(BUILT_PRODUCTS_DIR)/Kiliaro.app/Kiliaro";
			};
			name = Debug;
		};
		B4E471F62880420D00CAE4B8 /* Release */ = {
			isa = XCBuildConfiguration;
			buildSettings = {
				ALWAYS_EMBED_SWIFT_STANDARD_LIBRARIES = YES;
				BUNDLE_LOADER = "$(TEST_HOST)";
				CODE_SIGN_STYLE = Automatic;
				CURRENT_PROJECT_VERSION = 1;
				GENERATE_INFOPLIST_FILE = YES;
				IPHONEOS_DEPLOYMENT_TARGET = 15.4;
				MARKETING_VERSION = 1.0;
				PRODUCT_BUNDLE_IDENTIFIER = com.sajjad.test.KiliaroTests;
				PRODUCT_NAME = "$(TARGET_NAME)";
				SWIFT_EMIT_LOC_STRINGS = NO;
				SWIFT_VERSION = 5.0;
				TARGETED_DEVICE_FAMILY = "1,2";
				TEST_HOST = "$(BUILT_PRODUCTS_DIR)/Kiliaro.app/Kiliaro";
			};
			name = Release;
		};
		B4E471F82880420D00CAE4B8 /* Debug */ = {
			isa = XCBuildConfiguration;
			buildSettings = {
				ALWAYS_EMBED_SWIFT_STANDARD_LIBRARIES = YES;
				CODE_SIGN_STYLE = Automatic;
				CURRENT_PROJECT_VERSION = 1;
				GENERATE_INFOPLIST_FILE = YES;
				MARKETING_VERSION = 1.0;
				PRODUCT_BUNDLE_IDENTIFIER = com.sajjad.test.KiliaroUITests;
				PRODUCT_NAME = "$(TARGET_NAME)";
				SWIFT_EMIT_LOC_STRINGS = NO;
				SWIFT_VERSION = 5.0;
				TARGETED_DEVICE_FAMILY = "1,2";
				TEST_TARGET_NAME = Kiliaro;
			};
			name = Debug;
		};
		B4E471F92880420D00CAE4B8 /* Release */ = {
			isa = XCBuildConfiguration;
			buildSettings = {
				ALWAYS_EMBED_SWIFT_STANDARD_LIBRARIES = YES;
				CODE_SIGN_STYLE = Automatic;
				CURRENT_PROJECT_VERSION = 1;
				GENERATE_INFOPLIST_FILE = YES;
				MARKETING_VERSION = 1.0;
				PRODUCT_BUNDLE_IDENTIFIER = com.sajjad.test.KiliaroUITests;
				PRODUCT_NAME = "$(TARGET_NAME)";
				SWIFT_EMIT_LOC_STRINGS = NO;
				SWIFT_VERSION = 5.0;
				TARGETED_DEVICE_FAMILY = "1,2";
				TEST_TARGET_NAME = Kiliaro;
			};
			name = Release;
		};
/* End XCBuildConfiguration section */

/* Begin XCConfigurationList section */
		B4E471C22880420B00CAE4B8 /* Build configuration list for PBXProject "Kiliaro" */ = {
			isa = XCConfigurationList;
			buildConfigurations = (
				B4E471EF2880420D00CAE4B8 /* Debug */,
				B4E471F02880420D00CAE4B8 /* Release */,
			);
			defaultConfigurationIsVisible = 0;
			defaultConfigurationName = Release;
		};
		B4E471F12880420D00CAE4B8 /* Build configuration list for PBXNativeTarget "Kiliaro" */ = {
			isa = XCConfigurationList;
			buildConfigurations = (
				B4E471F22880420D00CAE4B8 /* Debug */,
				B4E471F32880420D00CAE4B8 /* Release */,
			);
			defaultConfigurationIsVisible = 0;
			defaultConfigurationName = Release;
		};
		B4E471F42880420D00CAE4B8 /* Build configuration list for PBXNativeTarget "KiliaroTests" */ = {
			isa = XCConfigurationList;
			buildConfigurations = (
				B4E471F52880420D00CAE4B8 /* Debug */,
				B4E471F62880420D00CAE4B8 /* Release */,
			);
			defaultConfigurationIsVisible = 0;
			defaultConfigurationName = Release;
		};
		B4E471F72880420D00CAE4B8 /* Build configuration list for PBXNativeTarget "KiliaroUITests" */ = {
			isa = XCConfigurationList;
			buildConfigurations = (
				B4E471F82880420D00CAE4B8 /* Debug */,
				B4E471F92880420D00CAE4B8 /* Release */,
			);
			defaultConfigurationIsVisible = 0;
			defaultConfigurationName = Release;
		};
/* End XCConfigurationList section */
	};
	rootObject = B4E471BF2880420B00CAE4B8 /* Project object */;
}
