// !$*UTF8*$!
{
	archiveVersion = 1;
	classes = {
	};
	objectVersion = 55;
	objects = {

/* Begin PBXBuildFile section */
		B42937212897D7140000CC8E /* AlbumRemote.swift in Sources */ = {isa = PBXBuildFile; fileRef = B42937202897D7140000CC8E /* AlbumRemote.swift */; };
		B42937232897D7250000CC8E /* BaseRemote.swift in Sources */ = {isa = PBXBuildFile; fileRef = B42937222897D7250000CC8E /* BaseRemote.swift */; };
		B42937252897D9E70000CC8E /* NetworkError.swift in Sources */ = {isa = PBXBuildFile; fileRef = B42937242897D9E70000CC8E /* NetworkError.swift */; };
		B42937292897E1A30000CC8E /* BaseCache.swift in Sources */ = {isa = PBXBuildFile; fileRef = B42937282897E1A30000CC8E /* BaseCache.swift */; };
		B429372C2897E2250000CC8E /* BaseDataStore.swift in Sources */ = {isa = PBXBuildFile; fileRef = B429372B2897E2250000CC8E /* BaseDataStore.swift */; };
		B429372E2897E2750000CC8E /* AlbumDataStore.swift in Sources */ = {isa = PBXBuildFile; fileRef = B429372D2897E2750000CC8E /* AlbumDataStore.swift */; };
		B42937312897E3370000CC8E /* AlbumCache.swift in Sources */ = {isa = PBXBuildFile; fileRef = B42937302897E3370000CC8E /* AlbumCache.swift */; };
		B42937332897E42F0000CC8E /* AlbumRepository.swift in Sources */ = {isa = PBXBuildFile; fileRef = B42937322897E42F0000CC8E /* AlbumRepository.swift */; };
		B42937352897E46E0000CC8E /* BaseRepository.swift in Sources */ = {isa = PBXBuildFile; fileRef = B42937342897E46E0000CC8E /* BaseRepository.swift */; };
		B42937392897E63A0000CC8E /* AlbumView.swift in Sources */ = {isa = PBXBuildFile; fileRef = B42937382897E63A0000CC8E /* AlbumView.swift */; };
		B429373B2897E6680000CC8E /* AlbumViewModel.swift in Sources */ = {isa = PBXBuildFile; fileRef = B429373A2897E6680000CC8E /* AlbumViewModel.swift */; };
		B429373D2897F5390000CC8E /* AlbumCollectionViewCell.swift in Sources */ = {isa = PBXBuildFile; fileRef = B429373C2897F5390000CC8E /* AlbumCollectionViewCell.swift */; };
		B429373F2897F8A60000CC8E /* AlbumUseCase.swift in Sources */ = {isa = PBXBuildFile; fileRef = B429373E2897F8A60000CC8E /* AlbumUseCase.swift */; };
		B42937412897F8CD0000CC8E /* BaseUseCase.swift in Sources */ = {isa = PBXBuildFile; fileRef = B42937402897F8CD0000CC8E /* BaseUseCase.swift */; };
		B42937432897FD720000CC8E /* AlbumView+Delegate.swift in Sources */ = {isa = PBXBuildFile; fileRef = B42937422897FD720000CC8E /* AlbumView+Delegate.swift */; };
		B42937452897FD7E0000CC8E /* AlbumView+DataSource.swift in Sources */ = {isa = PBXBuildFile; fileRef = B42937442897FD7E0000CC8E /* AlbumView+DataSource.swift */; };
		B429374828980E9A0000CC8E /* AlbumCollectionViewLayout.swift in Sources */ = {isa = PBXBuildFile; fileRef = B429374728980E990000CC8E /* AlbumCollectionViewLayout.swift */; };
		B429374B28981C990000CC8E /* Kingfisher in Frameworks */ = {isa = PBXBuildFile; productRef = B429374A28981C990000CC8E /* Kingfisher */; };
		B429374E289822F50000CC8E /* Kiliaro.xcdatamodeld in Sources */ = {isa = PBXBuildFile; fileRef = B429374C289822F50000CC8E /* Kiliaro.xcdatamodeld */; };
		B4293750289824510000CC8E /* CoreDataStore.swift in Sources */ = {isa = PBXBuildFile; fileRef = B429374F289824510000CC8E /* CoreDataStore.swift */; };
		B4293752289826050000CC8E /* CoreDataStack.swift in Sources */ = {isa = PBXBuildFile; fileRef = B4293751289826050000CC8E /* CoreDataStack.swift */; };
		B429375428985A630000CC8E /* MediaEntity.swift in Sources */ = {isa = PBXBuildFile; fileRef = B429375328985A630000CC8E /* MediaEntity.swift */; };
		B4293757289864270000CC8E /* LoadingCollectionViewCell.swift in Sources */ = {isa = PBXBuildFile; fileRef = B4293756289864270000CC8E /* LoadingCollectionViewCell.swift */; };
		B4293759289864390000CC8E /* ErrorCollectionViewCell.swift in Sources */ = {isa = PBXBuildFile; fileRef = B4293758289864390000CC8E /* ErrorCollectionViewCell.swift */; };
		B429375C289881270000CC8E /* MediaView.swift in Sources */ = {isa = PBXBuildFile; fileRef = B429375B289881270000CC8E /* MediaView.swift */; };
		B429375E289881310000CC8E /* MediaViewModel.swift in Sources */ = {isa = PBXBuildFile; fileRef = B429375D289881310000CC8E /* MediaViewModel.swift */; };
		B44F448A28805CAF008F24C9 /* BaseNavigation.swift in Sources */ = {isa = PBXBuildFile; fileRef = B44F448928805CAF008F24C9 /* BaseNavigation.swift */; };
		B44F448D28805FAA008F24C9 /* Media.swift in Sources */ = {isa = PBXBuildFile; fileRef = B44F448C28805FAA008F24C9 /* Media.swift */; };
		B44F448F288063A3008F24C9 /* ShareListView.swift in Sources */ = {isa = PBXBuildFile; fileRef = B44F448E288063A3008F24C9 /* ShareListView.swift */; };
		B44F4491288063BC008F24C9 /* BaseViewController.swift in Sources */ = {isa = PBXBuildFile; fileRef = B44F4490288063BC008F24C9 /* BaseViewController.swift */; };
		B44F449428806703008F24C9 /* Theme.swift in Sources */ = {isa = PBXBuildFile; fileRef = B44F449328806703008F24C9 /* Theme.swift */; };
		B44F4498288067F1008F24C9 /* DefaultTheme.swift in Sources */ = {isa = PBXBuildFile; fileRef = B44F4497288067F1008F24C9 /* DefaultTheme.swift */; };
		B44F449A28806889008F24C9 /* ThemeManager.swift in Sources */ = {isa = PBXBuildFile; fileRef = B44F449928806888008F24C9 /* ThemeManager.swift */; };
		B44F449C28806A12008F24C9 /* View.swift in Sources */ = {isa = PBXBuildFile; fileRef = B44F449B28806A12008F24C9 /* View.swift */; };
		B44F44A028806A50008F24C9 /* ViewModel.swift in Sources */ = {isa = PBXBuildFile; fileRef = B44F449F28806A50008F24C9 /* ViewModel.swift */; };
		B44F44A328806AF2008F24C9 /* ShareListViewModel.swift in Sources */ = {isa = PBXBuildFile; fileRef = B44F44A228806AF2008F24C9 /* ShareListViewModel.swift */; };
		B44F44A528808C6F008F24C9 /* ShareListView+Delegate.swift in Sources */ = {isa = PBXBuildFile; fileRef = B44F44A428808C6F008F24C9 /* ShareListView+Delegate.swift */; };
		B44F44A728808C81008F24C9 /* ShareListView+DataSource.swift in Sources */ = {isa = PBXBuildFile; fileRef = B44F44A628808C81008F24C9 /* ShareListView+DataSource.swift */; };
		B44F44A928808EDE008F24C9 /* Extensions.swift in Sources */ = {isa = PBXBuildFile; fileRef = B44F44A828808EDE008F24C9 /* Extensions.swift */; };
		B44F44B22880A26E008F24C9 /* Localizable.strings in Resources */ = {isa = PBXBuildFile; fileRef = B44F44B42880A26E008F24C9 /* Localizable.strings */; };
		B4E471CB2880420B00CAE4B8 /* AppDelegate.swift in Sources */ = {isa = PBXBuildFile; fileRef = B4E471CA2880420B00CAE4B8 /* AppDelegate.swift */; };
		B4E471CD2880420B00CAE4B8 /* SceneDelegate.swift in Sources */ = {isa = PBXBuildFile; fileRef = B4E471CC2880420B00CAE4B8 /* SceneDelegate.swift */; };
		B4E471D42880420C00CAE4B8 /* Assets.xcassets in Resources */ = {isa = PBXBuildFile; fileRef = B4E471D32880420C00CAE4B8 /* Assets.xcassets */; };
		B4E471D72880420C00CAE4B8 /* LaunchScreen.storyboard in Resources */ = {isa = PBXBuildFile; fileRef = B4E471D52880420C00CAE4B8 /* LaunchScreen.storyboard */; };
		B4E471E22880420D00CAE4B8 /* KiliaroTests.swift in Sources */ = {isa = PBXBuildFile; fileRef = B4E471E12880420D00CAE4B8 /* KiliaroTests.swift */; };
		B4E471EC2880420D00CAE4B8 /* KiliaroUITests.swift in Sources */ = {isa = PBXBuildFile; fileRef = B4E471EB2880420D00CAE4B8 /* KiliaroUITests.swift */; };
		B4E471EE2880420D00CAE4B8 /* KiliaroUITestsLaunchTests.swift in Sources */ = {isa = PBXBuildFile; fileRef = B4E471ED2880420D00CAE4B8 /* KiliaroUITestsLaunchTests.swift */; };
		B4E471FC2880444200CAE4B8 /* Coordinator.swift in Sources */ = {isa = PBXBuildFile; fileRef = B4E471FB2880444200CAE4B8 /* Coordinator.swift */; };
		B4E471FE2880496500CAE4B8 /* AppCoordinator.swift in Sources */ = {isa = PBXBuildFile; fileRef = B4E471FD2880496500CAE4B8 /* AppCoordinator.swift */; };
		B4E4720528804EAD00CAE4B8 /* BuildConfigs.swift in Sources */ = {isa = PBXBuildFile; fileRef = B4E4720428804EAD00CAE4B8 /* BuildConfigs.swift */; };
/* End PBXBuildFile section */

/* Begin PBXContainerItemProxy section */
		B4E471DE2880420D00CAE4B8 /* PBXContainerItemProxy */ = {
			isa = PBXContainerItemProxy;
			containerPortal = B4E471BF2880420B00CAE4B8 /* Project object */;
			proxyType = 1;
			remoteGlobalIDString = B4E471C62880420B00CAE4B8;
			remoteInfo = Kiliaro;
		};
		B4E471E82880420D00CAE4B8 /* PBXContainerItemProxy */ = {
			isa = PBXContainerItemProxy;
			containerPortal = B4E471BF2880420B00CAE4B8 /* Project object */;
			proxyType = 1;
			remoteGlobalIDString = B4E471C62880420B00CAE4B8;
			remoteInfo = Kiliaro;
		};
/* End PBXContainerItemProxy section */

/* Begin PBXFileReference section */
		B42937202897D7140000CC8E /* AlbumRemote.swift */ = {isa = PBXFileReference; lastKnownFileType = sourcecode.swift; path = AlbumRemote.swift; sourceTree = "<group>"; };
		B42937222897D7250000CC8E /* BaseRemote.swift */ = {isa = PBXFileReference; lastKnownFileType = sourcecode.swift; path = BaseRemote.swift; sourceTree = "<group>"; };
		B42937242897D9E70000CC8E /* NetworkError.swift */ = {isa = PBXFileReference; lastKnownFileType = sourcecode.swift; path = NetworkError.swift; sourceTree = "<group>"; };
		B42937282897E1A30000CC8E /* BaseCache.swift */ = {isa = PBXFileReference; lastKnownFileType = sourcecode.swift; path = BaseCache.swift; sourceTree = "<group>"; };
		B429372B2897E2250000CC8E /* BaseDataStore.swift */ = {isa = PBXFileReference; lastKnownFileType = sourcecode.swift; path = BaseDataStore.swift; sourceTree = "<group>"; };
		B429372D2897E2750000CC8E /* AlbumDataStore.swift */ = {isa = PBXFileReference; lastKnownFileType = sourcecode.swift; path = AlbumDataStore.swift; sourceTree = "<group>"; };
		B42937302897E3370000CC8E /* AlbumCache.swift */ = {isa = PBXFileReference; lastKnownFileType = sourcecode.swift; path = AlbumCache.swift; sourceTree = "<group>"; };
		B42937322897E42F0000CC8E /* AlbumRepository.swift */ = {isa = PBXFileReference; lastKnownFileType = sourcecode.swift; path = AlbumRepository.swift; sourceTree = "<group>"; };
		B42937342897E46E0000CC8E /* BaseRepository.swift */ = {isa = PBXFileReference; lastKnownFileType = sourcecode.swift; path = BaseRepository.swift; sourceTree = "<group>"; };
		B42937382897E63A0000CC8E /* AlbumView.swift */ = {isa = PBXFileReference; lastKnownFileType = sourcecode.swift; path = AlbumView.swift; sourceTree = "<group>"; };
		B429373A2897E6680000CC8E /* AlbumViewModel.swift */ = {isa = PBXFileReference; lastKnownFileType = sourcecode.swift; path = AlbumViewModel.swift; sourceTree = "<group>"; };
		B429373C2897F5390000CC8E /* AlbumCollectionViewCell.swift */ = {isa = PBXFileReference; lastKnownFileType = sourcecode.swift; path = AlbumCollectionViewCell.swift; sourceTree = "<group>"; };
		B429373E2897F8A60000CC8E /* AlbumUseCase.swift */ = {isa = PBXFileReference; lastKnownFileType = sourcecode.swift; path = AlbumUseCase.swift; sourceTree = "<group>"; };
		B42937402897F8CD0000CC8E /* BaseUseCase.swift */ = {isa = PBXFileReference; lastKnownFileType = sourcecode.swift; path = BaseUseCase.swift; sourceTree = "<group>"; };
		B42937422897FD720000CC8E /* AlbumView+Delegate.swift */ = {isa = PBXFileReference; lastKnownFileType = sourcecode.swift; path = "AlbumView+Delegate.swift"; sourceTree = "<group>"; };
		B42937442897FD7E0000CC8E /* AlbumView+DataSource.swift */ = {isa = PBXFileReference; lastKnownFileType = sourcecode.swift; path = "AlbumView+DataSource.swift"; sourceTree = "<group>"; };
		B429374728980E990000CC8E /* AlbumCollectionViewLayout.swift */ = {isa = PBXFileReference; lastKnownFileType = sourcecode.swift; path = AlbumCollectionViewLayout.swift; sourceTree = "<group>"; };
		B429374D289822F50000CC8E /* Kiliaro.xcdatamodel */ = {isa = PBXFileReference; lastKnownFileType = wrapper.xcdatamodel; path = Kiliaro.xcdatamodel; sourceTree = "<group>"; };
		B429374F289824510000CC8E /* CoreDataStore.swift */ = {isa = PBXFileReference; lastKnownFileType = sourcecode.swift; path = CoreDataStore.swift; sourceTree = "<group>"; };
		B4293751289826050000CC8E /* CoreDataStack.swift */ = {isa = PBXFileReference; lastKnownFileType = sourcecode.swift; path = CoreDataStack.swift; sourceTree = "<group>"; };
		B429375328985A630000CC8E /* MediaEntity.swift */ = {isa = PBXFileReference; lastKnownFileType = sourcecode.swift; path = MediaEntity.swift; sourceTree = "<group>"; };
		B4293756289864270000CC8E /* LoadingCollectionViewCell.swift */ = {isa = PBXFileReference; lastKnownFileType = sourcecode.swift; path = LoadingCollectionViewCell.swift; sourceTree = "<group>"; };
		B4293758289864390000CC8E /* ErrorCollectionViewCell.swift */ = {isa = PBXFileReference; lastKnownFileType = sourcecode.swift; path = ErrorCollectionViewCell.swift; sourceTree = "<group>"; };
		B429375B289881270000CC8E /* MediaView.swift */ = {isa = PBXFileReference; lastKnownFileType = sourcecode.swift; path = MediaView.swift; sourceTree = "<group>"; };
		B429375D289881310000CC8E /* MediaViewModel.swift */ = {isa = PBXFileReference; lastKnownFileType = sourcecode.swift; path = MediaViewModel.swift; sourceTree = "<group>"; };
		B44F448928805CAF008F24C9 /* BaseNavigation.swift */ = {isa = PBXFileReference; lastKnownFileType = sourcecode.swift; path = BaseNavigation.swift; sourceTree = "<group>"; };
		B44F448C28805FAA008F24C9 /* Media.swift */ = {isa = PBXFileReference; lastKnownFileType = sourcecode.swift; path = Media.swift; sourceTree = "<group>"; };
		B44F448E288063A3008F24C9 /* ShareListView.swift */ = {isa = PBXFileReference; lastKnownFileType = sourcecode.swift; path = ShareListView.swift; sourceTree = "<group>"; };
		B44F4490288063BC008F24C9 /* BaseViewController.swift */ = {isa = PBXFileReference; lastKnownFileType = sourcecode.swift; path = BaseViewController.swift; sourceTree = "<group>"; };
		B44F449328806703008F24C9 /* Theme.swift */ = {isa = PBXFileReference; lastKnownFileType = sourcecode.swift; path = Theme.swift; sourceTree = "<group>"; };
		B44F4497288067F1008F24C9 /* DefaultTheme.swift */ = {isa = PBXFileReference; lastKnownFileType = sourcecode.swift; path = DefaultTheme.swift; sourceTree = "<group>"; };
		B44F449928806888008F24C9 /* ThemeManager.swift */ = {isa = PBXFileReference; lastKnownFileType = sourcecode.swift; path = ThemeManager.swift; sourceTree = "<group>"; };
		B44F449B28806A12008F24C9 /* View.swift */ = {isa = PBXFileReference; lastKnownFileType = sourcecode.swift; path = View.swift; sourceTree = "<group>"; };
		B44F449F28806A50008F24C9 /* ViewModel.swift */ = {isa = PBXFileReference; lastKnownFileType = sourcecode.swift; path = ViewModel.swift; sourceTree = "<group>"; };
		B44F44A228806AF2008F24C9 /* ShareListViewModel.swift */ = {isa = PBXFileReference; lastKnownFileType = sourcecode.swift; path = ShareListViewModel.swift; sourceTree = "<group>"; };
		B44F44A428808C6F008F24C9 /* ShareListView+Delegate.swift */ = {isa = PBXFileReference; lastKnownFileType = sourcecode.swift; path = "ShareListView+Delegate.swift"; sourceTree = "<group>"; };
		B44F44A628808C81008F24C9 /* ShareListView+DataSource.swift */ = {isa = PBXFileReference; lastKnownFileType = sourcecode.swift; path = "ShareListView+DataSource.swift"; sourceTree = "<group>"; };
		B44F44A828808EDE008F24C9 /* Extensions.swift */ = {isa = PBXFileReference; lastKnownFileType = sourcecode.swift; path = Extensions.swift; sourceTree = "<group>"; };
		B44F44B32880A26E008F24C9 /* en */ = {isa = PBXFileReference; lastKnownFileType = text.plist.strings; name = en; path = en.lproj/Localizable.strings; sourceTree = "<group>"; };
		B4E471C72880420B00CAE4B8 /* Kiliaro.app */ = {isa = PBXFileReference; explicitFileType = wrapper.application; includeInIndex = 0; path = Kiliaro.app; sourceTree = BUILT_PRODUCTS_DIR; };
		B4E471CA2880420B00CAE4B8 /* AppDelegate.swift */ = {isa = PBXFileReference; lastKnownFileType = sourcecode.swift; path = AppDelegate.swift; sourceTree = "<group>"; };
		B4E471CC2880420B00CAE4B8 /* SceneDelegate.swift */ = {isa = PBXFileReference; lastKnownFileType = sourcecode.swift; path = SceneDelegate.swift; sourceTree = "<group>"; };
		B4E471D32880420C00CAE4B8 /* Assets.xcassets */ = {isa = PBXFileReference; lastKnownFileType = folder.assetcatalog; path = Assets.xcassets; sourceTree = "<group>"; };
		B4E471D62880420C00CAE4B8 /* Base */ = {isa = PBXFileReference; lastKnownFileType = file.storyboard; name = Base; path = Base.lproj/LaunchScreen.storyboard; sourceTree = "<group>"; };
		B4E471D82880420C00CAE4B8 /* Info.plist */ = {isa = PBXFileReference; lastKnownFileType = text.plist.xml; path = Info.plist; sourceTree = "<group>"; };
		B4E471DD2880420D00CAE4B8 /* KiliaroTests.xctest */ = {isa = PBXFileReference; explicitFileType = wrapper.cfbundle; includeInIndex = 0; path = KiliaroTests.xctest; sourceTree = BUILT_PRODUCTS_DIR; };
		B4E471E12880420D00CAE4B8 /* KiliaroTests.swift */ = {isa = PBXFileReference; lastKnownFileType = sourcecode.swift; path = KiliaroTests.swift; sourceTree = "<group>"; };
		B4E471E72880420D00CAE4B8 /* KiliaroUITests.xctest */ = {isa = PBXFileReference; explicitFileType = wrapper.cfbundle; includeInIndex = 0; path = KiliaroUITests.xctest; sourceTree = BUILT_PRODUCTS_DIR; };
		B4E471EB2880420D00CAE4B8 /* KiliaroUITests.swift */ = {isa = PBXFileReference; lastKnownFileType = sourcecode.swift; path = KiliaroUITests.swift; sourceTree = "<group>"; };
		B4E471ED2880420D00CAE4B8 /* KiliaroUITestsLaunchTests.swift */ = {isa = PBXFileReference; lastKnownFileType = sourcecode.swift; path = KiliaroUITestsLaunchTests.swift; sourceTree = "<group>"; };
		B4E471FB2880444200CAE4B8 /* Coordinator.swift */ = {isa = PBXFileReference; lastKnownFileType = sourcecode.swift; path = Coordinator.swift; sourceTree = "<group>"; };
		B4E471FD2880496500CAE4B8 /* AppCoordinator.swift */ = {isa = PBXFileReference; lastKnownFileType = sourcecode.swift; path = AppCoordinator.swift; sourceTree = "<group>"; };
		B4E4720428804EAD00CAE4B8 /* BuildConfigs.swift */ = {isa = PBXFileReference; lastKnownFileType = sourcecode.swift; path = BuildConfigs.swift; sourceTree = "<group>"; };
		B4E4720628804F0200CAE4B8 /* Kiliaro-debug.xcconfig */ = {isa = PBXFileReference; lastKnownFileType = text.xcconfig; path = "Kiliaro-debug.xcconfig"; sourceTree = "<group>"; };
		B4E4720728804F0E00CAE4B8 /* Kiliaro-release.xcconfig */ = {isa = PBXFileReference; lastKnownFileType = text.xcconfig; path = "Kiliaro-release.xcconfig"; sourceTree = "<group>"; };
/* End PBXFileReference section */

/* Begin PBXFrameworksBuildPhase section */
		B4E471C42880420B00CAE4B8 /* Frameworks */ = {
			isa = PBXFrameworksBuildPhase;
			buildActionMask = 2147483647;
			files = (
				B429374B28981C990000CC8E /* Kingfisher in Frameworks */,
			);
			runOnlyForDeploymentPostprocessing = 0;
		};
		B4E471DA2880420D00CAE4B8 /* Frameworks */ = {
			isa = PBXFrameworksBuildPhase;
			buildActionMask = 2147483647;
			files = (
			);
			runOnlyForDeploymentPostprocessing = 0;
		};
		B4E471E42880420D00CAE4B8 /* Frameworks */ = {
			isa = PBXFrameworksBuildPhase;
			buildActionMask = 2147483647;
			files = (
			);
			runOnlyForDeploymentPostprocessing = 0;
		};
/* End PBXFrameworksBuildPhase section */

/* Begin PBXGroup section */
		B42937192897D45B0000CC8E /* Data */ = {
			isa = PBXGroup;
			children = (
				B429372F2897E3270000CC8E /* Cache */,
				B429371B2897D4A70000CC8E /* Store */,
				B429371A2897D4A20000CC8E /* Remote */,
				B42937342897E46E0000CC8E /* BaseRepository.swift */,
				B42937322897E42F0000CC8E /* AlbumRepository.swift */,
			);
			path = Data;
			sourceTree = "<group>";
		};
		B429371A2897D4A20000CC8E /* Remote */ = {
			isa = PBXGroup;
			children = (
				B42937202897D7140000CC8E /* AlbumRemote.swift */,
			);
			path = Remote;
			sourceTree = "<group>";
		};
		B429371B2897D4A70000CC8E /* Store */ = {
			isa = PBXGroup;
			children = (
				B42937222897D7250000CC8E /* BaseRemote.swift */,
				B42937282897E1A30000CC8E /* BaseCache.swift */,
				B429372B2897E2250000CC8E /* BaseDataStore.swift */,
				B429372D2897E2750000CC8E /* AlbumDataStore.swift */,
			);
			path = Store;
			sourceTree = "<group>";
		};
		B429371C2897D4EE0000CC8E /* Domain */ = {
			isa = PBXGroup;
			children = (
				B429371E2897D5090000CC8E /* Model */,
				B429371D2897D4FA0000CC8E /* UseCase */,
			);
			path = Domain;
			sourceTree = "<group>";
		};
		B429371D2897D4FA0000CC8E /* UseCase */ = {
			isa = PBXGroup;
			children = (
				B42937402897F8CD0000CC8E /* BaseUseCase.swift */,
				B429373E2897F8A60000CC8E /* AlbumUseCase.swift */,
			);
			path = UseCase;
			sourceTree = "<group>";
		};
		B429371E2897D5090000CC8E /* Model */ = {
			isa = PBXGroup;
			children = (
				B44F448C28805FAA008F24C9 /* Media.swift */,
				B429375328985A630000CC8E /* MediaEntity.swift */,
				B42937242897D9E70000CC8E /* NetworkError.swift */,
			);
			path = Model;
			sourceTree = "<group>";
		};
		B429371F2897D5310000CC8E /* Presentation */ = {
			isa = PBXGroup;
			children = (
				B429375A2898810D0000CC8E /* Media */,
				B42937372897E5E80000CC8E /* Album */,
				B42937362897E5DD0000CC8E /* ShareList */,
				B44F448828805CA1008F24C9 /* Base */,
			);
			path = Presentation;
			sourceTree = "<group>";
		};
		B429372F2897E3270000CC8E /* Cache */ = {
			isa = PBXGroup;
			children = (
				B42937302897E3370000CC8E /* AlbumCache.swift */,
			);
			path = Cache;
			sourceTree = "<group>";
		};
		B42937362897E5DD0000CC8E /* ShareList */ = {
			isa = PBXGroup;
			children = (
				B44F448E288063A3008F24C9 /* ShareListView.swift */,
				B44F44A428808C6F008F24C9 /* ShareListView+Delegate.swift */,
				B44F44A628808C81008F24C9 /* ShareListView+DataSource.swift */,
			);
			path = ShareList;
			sourceTree = "<group>";
		};
		B42937372897E5E80000CC8E /* Album */ = {
			isa = PBXGroup;
			children = (
				B42937382897E63A0000CC8E /* AlbumView.swift */,
				B42937422897FD720000CC8E /* AlbumView+Delegate.swift */,
				B42937442897FD7E0000CC8E /* AlbumView+DataSource.swift */,
				B429374728980E990000CC8E /* AlbumCollectionViewLayout.swift */,
				B4293755289863D70000CC8E /* Cell */,
			);
			path = Album;
			sourceTree = "<group>";
		};
		B4293755289863D70000CC8E /* Cell */ = {
			isa = PBXGroup;
			children = (
				B429373C2897F5390000CC8E /* AlbumCollectionViewCell.swift */,
				B4293756289864270000CC8E /* LoadingCollectionViewCell.swift */,
				B4293758289864390000CC8E /* ErrorCollectionViewCell.swift */,
			);
			path = Cell;
			sourceTree = "<group>";
		};
		B429375A2898810D0000CC8E /* Media */ = {
			isa = PBXGroup;
			children = (
				B429375B289881270000CC8E /* MediaView.swift */,
			);
			path = Media;
			sourceTree = "<group>";
		};
		B44F448828805CA1008F24C9 /* Base */ = {
			isa = PBXGroup;
			children = (
				B44F448928805CAF008F24C9 /* BaseNavigation.swift */,
				B44F4490288063BC008F24C9 /* BaseViewController.swift */,
				B44F449B28806A12008F24C9 /* View.swift */,
			);
			path = Base;
			sourceTree = "<group>";
		};
		B44F448B28805F26008F24C9 /* Model */ = {
			isa = PBXGroup;
			children = (
			);
			path = Model;
			sourceTree = "<group>";
		};
		B44F4492288066F3008F24C9 /* Theme */ = {
			isa = PBXGroup;
			children = (
				B44F449328806703008F24C9 /* Theme.swift */,
				B44F4497288067F1008F24C9 /* DefaultTheme.swift */,
				B44F449928806888008F24C9 /* ThemeManager.swift */,
			);
			path = Theme;
			sourceTree = "<group>";
		};
		B44F449D28806A1F008F24C9 /* ViewModel */ = {
			isa = PBXGroup;
			children = (
				B44F44A228806AF2008F24C9 /* ShareListViewModel.swift */,
				B429373A2897E6680000CC8E /* AlbumViewModel.swift */,
				B429375D289881310000CC8E /* MediaViewModel.swift */,
				B44F449E28806A3C008F24C9 /* Base */,
			);
			path = ViewModel;
			sourceTree = "<group>";
		};
		B44F449E28806A3C008F24C9 /* Base */ = {
			isa = PBXGroup;
			children = (
				B44F449F28806A50008F24C9 /* ViewModel.swift */,
			);
			path = Base;
			sourceTree = "<group>";
		};
		B4E471BE2880420B00CAE4B8 = {
			isa = PBXGroup;
			children = (
				B4E471C92880420B00CAE4B8 /* Kiliaro */,
				B44F448B28805F26008F24C9 /* Model */,
				B4E471E02880420D00CAE4B8 /* KiliaroTests */,
				B4E471EA2880420D00CAE4B8 /* KiliaroUITests */,
				B4E471C82880420B00CAE4B8 /* Products */,
			);
			sourceTree = "<group>";
		};
		B4E471C82880420B00CAE4B8 /* Products */ = {
			isa = PBXGroup;
			children = (
				B4E471C72880420B00CAE4B8 /* Kiliaro.app */,
				B4E471DD2880420D00CAE4B8 /* KiliaroTests.xctest */,
				B4E471E72880420D00CAE4B8 /* KiliaroUITests.xctest */,
			);
			name = Products;
			sourceTree = "<group>";
		};
		B4E471C92880420B00CAE4B8 /* Kiliaro */ = {
			isa = PBXGroup;
			children = (
				B44F449D28806A1F008F24C9 /* ViewModel */,
				B429371F2897D5310000CC8E /* Presentation */,
				B429371C2897D4EE0000CC8E /* Domain */,
				B42937192897D45B0000CC8E /* Data */,
				B4E4720128804AFB00CAE4B8 /* Resources */,
				B4E4720028804AC200CAE4B8 /* Application */,
				B4E471FA2880442900CAE4B8 /* Coordinator */,
				B4E4720328804E9400CAE4B8 /* Utils */,
			);
			path = Kiliaro;
			sourceTree = "<group>";
		};
		B4E471E02880420D00CAE4B8 /* KiliaroTests */ = {
			isa = PBXGroup;
			children = (
				B4E471E12880420D00CAE4B8 /* KiliaroTests.swift */,
			);
			path = KiliaroTests;
			sourceTree = "<group>";
		};
		B4E471EA2880420D00CAE4B8 /* KiliaroUITests */ = {
			isa = PBXGroup;
			children = (
				B4E471EB2880420D00CAE4B8 /* KiliaroUITests.swift */,
				B4E471ED2880420D00CAE4B8 /* KiliaroUITestsLaunchTests.swift */,
			);
			path = KiliaroUITests;
			sourceTree = "<group>";
		};
		B4E471FA2880442900CAE4B8 /* Coordinator */ = {
			isa = PBXGroup;
			children = (
				B4E471FB2880444200CAE4B8 /* Coordinator.swift */,
				B4E471FD2880496500CAE4B8 /* AppCoordinator.swift */,
			);
			path = Coordinator;
			sourceTree = "<group>";
		};
		B4E4720028804AC200CAE4B8 /* Application */ = {
			isa = PBXGroup;
			children = (
				B4E471CA2880420B00CAE4B8 /* AppDelegate.swift */,
				B4E471CC2880420B00CAE4B8 /* SceneDelegate.swift */,
				B4E471D82880420C00CAE4B8 /* Info.plist */,
				B4E4720628804F0200CAE4B8 /* Kiliaro-debug.xcconfig */,
				B4E4720728804F0E00CAE4B8 /* Kiliaro-release.xcconfig */,
				B4E471D52880420C00CAE4B8 /* LaunchScreen.storyboard */,
			);
			path = Application;
			sourceTree = "<group>";
		};
		B4E4720128804AFB00CAE4B8 /* Resources */ = {
			isa = PBXGroup;
			children = (
				B4E471D32880420C00CAE4B8 /* Assets.xcassets */,
				B44F44B42880A26E008F24C9 /* Localizable.strings */,
				B429374C289822F50000CC8E /* Kiliaro.xcdatamodeld */,
			);
			path = Resources;
			sourceTree = "<group>";
		};
		B4E4720328804E9400CAE4B8 /* Utils */ = {
			isa = PBXGroup;
			children = (
				B44F4492288066F3008F24C9 /* Theme */,
				B4E4720428804EAD00CAE4B8 /* BuildConfigs.swift */,
				B44F44A828808EDE008F24C9 /* Extensions.swift */,
				B429374F289824510000CC8E /* CoreDataStore.swift */,
				B4293751289826050000CC8E /* CoreDataStack.swift */,
			);
			path = Utils;
			sourceTree = "<group>";
		};
/* End PBXGroup section */

/* Begin PBXNativeTarget section */
		B4E471C62880420B00CAE4B8 /* Kiliaro */ = {
			isa = PBXNativeTarget;
			buildConfigurationList = B4E471F12880420D00CAE4B8 /* Build configuration list for PBXNativeTarget "Kiliaro" */;
			buildPhases = (
				B4E471C32880420B00CAE4B8 /* Sources */,
				B4E471C42880420B00CAE4B8 /* Frameworks */,
				B4E471C52880420B00CAE4B8 /* Resources */,
			);
			buildRules = (
			);
			dependencies = (
			);
			name = Kiliaro;
			packageProductDependencies = (
				B429374A28981C990000CC8E /* Kingfisher */,
			);
			productName = Kiliaro;
			productReference = B4E471C72880420B00CAE4B8 /* Kiliaro.app */;
			productType = "com.apple.product-type.application";
		};
		B4E471DC2880420D00CAE4B8 /* KiliaroTests */ = {
			isa = PBXNativeTarget;
			buildConfigurationList = B4E471F42880420D00CAE4B8 /* Build configuration list for PBXNativeTarget "KiliaroTests" */;
			buildPhases = (
				B4E471D92880420D00CAE4B8 /* Sources */,
				B4E471DA2880420D00CAE4B8 /* Frameworks */,
				B4E471DB2880420D00CAE4B8 /* Resources */,
			);
			buildRules = (
			);
			dependencies = (
				B4E471DF2880420D00CAE4B8 /* PBXTargetDependency */,
			);
			name = KiliaroTests;
			productName = KiliaroTests;
			productReference = B4E471DD2880420D00CAE4B8 /* KiliaroTests.xctest */;
			productType = "com.apple.product-type.bundle.unit-test";
		};
		B4E471E62880420D00CAE4B8 /* KiliaroUITests */ = {
			isa = PBXNativeTarget;
			buildConfigurationList = B4E471F72880420D00CAE4B8 /* Build configuration list for PBXNativeTarget "KiliaroUITests" */;
			buildPhases = (
				B4E471E32880420D00CAE4B8 /* Sources */,
				B4E471E42880420D00CAE4B8 /* Frameworks */,
				B4E471E52880420D00CAE4B8 /* Resources */,
			);
			buildRules = (
			);
			dependencies = (
				B4E471E92880420D00CAE4B8 /* PBXTargetDependency */,
			);
			name = KiliaroUITests;
			productName = KiliaroUITests;
			productReference = B4E471E72880420D00CAE4B8 /* KiliaroUITests.xctest */;
			productType = "com.apple.product-type.bundle.ui-testing";
		};
/* End PBXNativeTarget section */

/* Begin PBXProject section */
		B4E471BF2880420B00CAE4B8 /* Project object */ = {
			isa = PBXProject;
			attributes = {
				BuildIndependentTargetsInParallel = 1;
				LastSwiftUpdateCheck = 1330;
				LastUpgradeCheck = 1330;
				TargetAttributes = {
					B4E471C62880420B00CAE4B8 = {
						CreatedOnToolsVersion = 13.3;
					};
					B4E471DC2880420D00CAE4B8 = {
						CreatedOnToolsVersion = 13.3;
						TestTargetID = B4E471C62880420B00CAE4B8;
					};
					B4E471E62880420D00CAE4B8 = {
						CreatedOnToolsVersion = 13.3;
						TestTargetID = B4E471C62880420B00CAE4B8;
					};
				};
			};
			buildConfigurationList = B4E471C22880420B00CAE4B8 /* Build configuration list for PBXProject "Kiliaro" */;
			compatibilityVersion = "Xcode 13.0";
			developmentRegion = en;
			hasScannedForEncodings = 0;
			knownRegions = (
				en,
				Base,
			);
			mainGroup = B4E471BE2880420B00CAE4B8;
			packageReferences = (
				B429374928981C990000CC8E /* XCRemoteSwiftPackageReference "Kingfisher" */,
			);
			productRefGroup = B4E471C82880420B00CAE4B8 /* Products */;
			projectDirPath = "";
			projectRoot = "";
			targets = (
				B4E471C62880420B00CAE4B8 /* Kiliaro */,
				B4E471DC2880420D00CAE4B8 /* KiliaroTests */,
				B4E471E62880420D00CAE4B8 /* KiliaroUITests */,
			);
		};
/* End PBXProject section */

/* Begin PBXResourcesBuildPhase section */
		B4E471C52880420B00CAE4B8 /* Resources */ = {
			isa = PBXResourcesBuildPhase;
			buildActionMask = 2147483647;
			files = (
				B4E471D72880420C00CAE4B8 /* LaunchScreen.storyboard in Resources */,
				B44F44B22880A26E008F24C9 /* Localizable.strings in Resources */,
				B4E471D42880420C00CAE4B8 /* Assets.xcassets in Resources */,
			);
			runOnlyForDeploymentPostprocessing = 0;
		};
		B4E471DB2880420D00CAE4B8 /* Resources */ = {
			isa = PBXResourcesBuildPhase;
			buildActionMask = 2147483647;
			files = (
			);
			runOnlyForDeploymentPostprocessing = 0;
		};
		B4E471E52880420D00CAE4B8 /* Resources */ = {
			isa = PBXResourcesBuildPhase;
			buildActionMask = 2147483647;
			files = (
			);
			runOnlyForDeploymentPostprocessing = 0;
		};
/* End PBXResourcesBuildPhase section */

/* Begin PBXSourcesBuildPhase section */
		B4E471C32880420B00CAE4B8 /* Sources */ = {
			isa = PBXSourcesBuildPhase;
			buildActionMask = 2147483647;
			files = (
				B44F448F288063A3008F24C9 /* ShareListView.swift in Sources */,
				B44F44A928808EDE008F24C9 /* Extensions.swift in Sources */,
				B4E471FC2880444200CAE4B8 /* Coordinator.swift in Sources */,
				B42937352897E46E0000CC8E /* BaseRepository.swift in Sources */,
				B4293750289824510000CC8E /* CoreDataStore.swift in Sources */,
				B44F449C28806A12008F24C9 /* View.swift in Sources */,
				B42937212897D7140000CC8E /* AlbumRemote.swift in Sources */,
				B44F44A328806AF2008F24C9 /* ShareListViewModel.swift in Sources */,
				B44F44A728808C81008F24C9 /* ShareListView+DataSource.swift in Sources */,
				B44F4491288063BC008F24C9 /* BaseViewController.swift in Sources */,
				B429373F2897F8A60000CC8E /* AlbumUseCase.swift in Sources */,
				B44F4498288067F1008F24C9 /* DefaultTheme.swift in Sources */,
				B429374E289822F50000CC8E /* Kiliaro.xcdatamodeld in Sources */,
				B42937392897E63A0000CC8E /* AlbumView.swift in Sources */,
				B42937332897E42F0000CC8E /* AlbumRepository.swift in Sources */,
				B44F448A28805CAF008F24C9 /* BaseNavigation.swift in Sources */,
				B429375428985A630000CC8E /* MediaEntity.swift in Sources */,
				B44F44A528808C6F008F24C9 /* ShareListView+Delegate.swift in Sources */,
				B44F44A028806A50008F24C9 /* ViewModel.swift in Sources */,
				B42937412897F8CD0000CC8E /* BaseUseCase.swift in Sources */,
				B4E471FE2880496500CAE4B8 /* AppCoordinator.swift in Sources */,
				B4E471CB2880420B00CAE4B8 /* AppDelegate.swift in Sources */,
				B4E4720528804EAD00CAE4B8 /* BuildConfigs.swift in Sources */,
				B4293757289864270000CC8E /* LoadingCollectionViewCell.swift in Sources */,
				B429372E2897E2750000CC8E /* AlbumDataStore.swift in Sources */,
				B42937252897D9E70000CC8E /* NetworkError.swift in Sources */,
				B4293759289864390000CC8E /* ErrorCollectionViewCell.swift in Sources */,
				B44F449428806703008F24C9 /* Theme.swift in Sources */,
				B42937292897E1A30000CC8E /* BaseCache.swift in Sources */,
				B44F448D28805FAA008F24C9 /* Media.swift in Sources */,
				B4293752289826050000CC8E /* CoreDataStack.swift in Sources */,
				B429373B2897E6680000CC8E /* AlbumViewModel.swift in Sources */,
				B429373D2897F5390000CC8E /* AlbumCollectionViewCell.swift in Sources */,
				B42937312897E3370000CC8E /* AlbumCache.swift in Sources */,
				B4E471CD2880420B00CAE4B8 /* SceneDelegate.swift in Sources */,
				B429375C289881270000CC8E /* MediaView.swift in Sources */,
				B42937452897FD7E0000CC8E /* AlbumView+DataSource.swift in Sources */,
				B429375E289881310000CC8E /* MediaViewModel.swift in Sources */,
				B42937432897FD720000CC8E /* AlbumView+Delegate.swift in Sources */,
				B429372C2897E2250000CC8E /* BaseDataStore.swift in Sources */,
				B44F449A28806889008F24C9 /* ThemeManager.swift in Sources */,
				B429374828980E9A0000CC8E /* AlbumCollectionViewLayout.swift in Sources */,
				B42937232897D7250000CC8E /* BaseRemote.swift in Sources */,
			);
			runOnlyForDeploymentPostprocessing = 0;
		};
		B4E471D92880420D00CAE4B8 /* Sources */ = {
			isa = PBXSourcesBuildPhase;
			buildActionMask = 2147483647;
			files = (
				B4E471E22880420D00CAE4B8 /* KiliaroTests.swift in Sources */,
			);
			runOnlyForDeploymentPostprocessing = 0;
		};
		B4E471E32880420D00CAE4B8 /* Sources */ = {
			isa = PBXSourcesBuildPhase;
			buildActionMask = 2147483647;
			files = (
				B4E471EE2880420D00CAE4B8 /* KiliaroUITestsLaunchTests.swift in Sources */,
				B4E471EC2880420D00CAE4B8 /* KiliaroUITests.swift in Sources */,
			);
			runOnlyForDeploymentPostprocessing = 0;
		};
/* End PBXSourcesBuildPhase section */

/* Begin PBXTargetDependency section */
		B4E471DF2880420D00CAE4B8 /* PBXTargetDependency */ = {
			isa = PBXTargetDependency;
			target = B4E471C62880420B00CAE4B8 /* Kiliaro */;
			targetProxy = B4E471DE2880420D00CAE4B8 /* PBXContainerItemProxy */;
		};
		B4E471E92880420D00CAE4B8 /* PBXTargetDependency */ = {
			isa = PBXTargetDependency;
			target = B4E471C62880420B00CAE4B8 /* Kiliaro */;
			targetProxy = B4E471E82880420D00CAE4B8 /* PBXContainerItemProxy */;
		};
/* End PBXTargetDependency section */

/* Begin PBXVariantGroup section */
		B44F44B42880A26E008F24C9 /* Localizable.strings */ = {
			isa = PBXVariantGroup;
			children = (
				B44F44B32880A26E008F24C9 /* en */,
			);
			name = Localizable.strings;
			sourceTree = "<group>";
		};
		B4E471D52880420C00CAE4B8 /* LaunchScreen.storyboard */ = {
			isa = PBXVariantGroup;
			children = (
				B4E471D62880420C00CAE4B8 /* Base */,
			);
			name = LaunchScreen.storyboard;
			sourceTree = "<group>";
		};
/* End PBXVariantGroup section */

/* Begin XCBuildConfiguration section */
		B4E471EF2880420D00CAE4B8 /* Debug */ = {
			isa = XCBuildConfiguration;
			buildSettings = {
				ALWAYS_SEARCH_USER_PATHS = NO;
				CLANG_ANALYZER_NONNULL = YES;
				CLANG_ANALYZER_NUMBER_OBJECT_CONVERSION = YES_AGGRESSIVE;
				CLANG_CXX_LANGUAGE_STANDARD = "gnu++17";
				CLANG_ENABLE_MODULES = YES;
				CLANG_ENABLE_OBJC_ARC = YES;
				CLANG_ENABLE_OBJC_WEAK = YES;
				CLANG_WARN_BLOCK_CAPTURE_AUTORELEASING = YES;
				CLANG_WARN_BOOL_CONVERSION = YES;
				CLANG_WARN_COMMA = YES;
				CLANG_WARN_CONSTANT_CONVERSION = YES;
				CLANG_WARN_DEPRECATED_OBJC_IMPLEMENTATIONS = YES;
				CLANG_WARN_DIRECT_OBJC_ISA_USAGE = YES_ERROR;
				CLANG_WARN_DOCUMENTATION_COMMENTS = YES;
				CLANG_WARN_EMPTY_BODY = YES;
				CLANG_WARN_ENUM_CONVERSION = YES;
				CLANG_WARN_INFINITE_RECURSION = YES;
				CLANG_WARN_INT_CONVERSION = YES;
				CLANG_WARN_NON_LITERAL_NULL_CONVERSION = YES;
				CLANG_WARN_OBJC_IMPLICIT_RETAIN_SELF = YES;
				CLANG_WARN_OBJC_LITERAL_CONVERSION = YES;
				CLANG_WARN_OBJC_ROOT_CLASS = YES_ERROR;
				CLANG_WARN_QUOTED_INCLUDE_IN_FRAMEWORK_HEADER = YES;
				CLANG_WARN_RANGE_LOOP_ANALYSIS = YES;
				CLANG_WARN_STRICT_PROTOTYPES = YES;
				CLANG_WARN_SUSPICIOUS_MOVE = YES;
				CLANG_WARN_UNGUARDED_AVAILABILITY = YES_AGGRESSIVE;
				CLANG_WARN_UNREACHABLE_CODE = YES;
				CLANG_WARN__DUPLICATE_METHOD_MATCH = YES;
				COPY_PHASE_STRIP = NO;
				DEBUG_INFORMATION_FORMAT = dwarf;
				ENABLE_STRICT_OBJC_MSGSEND = YES;
				ENABLE_TESTABILITY = YES;
				GCC_C_LANGUAGE_STANDARD = gnu11;
				GCC_DYNAMIC_NO_PIC = NO;
				GCC_NO_COMMON_BLOCKS = YES;
				GCC_OPTIMIZATION_LEVEL = 0;
				GCC_PREPROCESSOR_DEFINITIONS = (
					"DEBUG=1",
					"$(inherited)",
				);
				GCC_WARN_64_TO_32_BIT_CONVERSION = YES;
				GCC_WARN_ABOUT_RETURN_TYPE = YES_ERROR;
				GCC_WARN_UNDECLARED_SELECTOR = YES;
				GCC_WARN_UNINITIALIZED_AUTOS = YES_AGGRESSIVE;
				GCC_WARN_UNUSED_FUNCTION = YES;
				GCC_WARN_UNUSED_VARIABLE = YES;
				IPHONEOS_DEPLOYMENT_TARGET = 15.4;
				MTL_ENABLE_DEBUG_INFO = INCLUDE_SOURCE;
				MTL_FAST_MATH = YES;
				ONLY_ACTIVE_ARCH = YES;
				SDKROOT = iphoneos;
				SWIFT_ACTIVE_COMPILATION_CONDITIONS = DEBUG;
				SWIFT_OPTIMIZATION_LEVEL = "-Onone";
			};
			name = Debug;
		};
		B4E471F02880420D00CAE4B8 /* Release */ = {
			isa = XCBuildConfiguration;
			buildSettings = {
				ALWAYS_SEARCH_USER_PATHS = NO;
				CLANG_ANALYZER_NONNULL = YES;
				CLANG_ANALYZER_NUMBER_OBJECT_CONVERSION = YES_AGGRESSIVE;
				CLANG_CXX_LANGUAGE_STANDARD = "gnu++17";
				CLANG_ENABLE_MODULES = YES;
				CLANG_ENABLE_OBJC_ARC = YES;
				CLANG_ENABLE_OBJC_WEAK = YES;
				CLANG_WARN_BLOCK_CAPTURE_AUTORELEASING = YES;
				CLANG_WARN_BOOL_CONVERSION = YES;
				CLANG_WARN_COMMA = YES;
				CLANG_WARN_CONSTANT_CONVERSION = YES;
				CLANG_WARN_DEPRECATED_OBJC_IMPLEMENTATIONS = YES;
				CLANG_WARN_DIRECT_OBJC_ISA_USAGE = YES_ERROR;
				CLANG_WARN_DOCUMENTATION_COMMENTS = YES;
				CLANG_WARN_EMPTY_BODY = YES;
				CLANG_WARN_ENUM_CONVERSION = YES;
				CLANG_WARN_INFINITE_RECURSION = YES;
				CLANG_WARN_INT_CONVERSION = YES;
				CLANG_WARN_NON_LITERAL_NULL_CONVERSION = YES;
				CLANG_WARN_OBJC_IMPLICIT_RETAIN_SELF = YES;
				CLANG_WARN_OBJC_LITERAL_CONVERSION = YES;
				CLANG_WARN_OBJC_ROOT_CLASS = YES_ERROR;
				CLANG_WARN_QUOTED_INCLUDE_IN_FRAMEWORK_HEADER = YES;
				CLANG_WARN_RANGE_LOOP_ANALYSIS = YES;
				CLANG_WARN_STRICT_PROTOTYPES = YES;
				CLANG_WARN_SUSPICIOUS_MOVE = YES;
				CLANG_WARN_UNGUARDED_AVAILABILITY = YES_AGGRESSIVE;
				CLANG_WARN_UNREACHABLE_CODE = YES;
				CLANG_WARN__DUPLICATE_METHOD_MATCH = YES;
				COPY_PHASE_STRIP = NO;
				DEBUG_INFORMATION_FORMAT = "dwarf-with-dsym";
				ENABLE_NS_ASSERTIONS = NO;
				ENABLE_STRICT_OBJC_MSGSEND = YES;
				GCC_C_LANGUAGE_STANDARD = gnu11;
				GCC_NO_COMMON_BLOCKS = YES;
				GCC_WARN_64_TO_32_BIT_CONVERSION = YES;
				GCC_WARN_ABOUT_RETURN_TYPE = YES_ERROR;
				GCC_WARN_UNDECLARED_SELECTOR = YES;
				GCC_WARN_UNINITIALIZED_AUTOS = YES_AGGRESSIVE;
				GCC_WARN_UNUSED_FUNCTION = YES;
				GCC_WARN_UNUSED_VARIABLE = YES;
				IPHONEOS_DEPLOYMENT_TARGET = 15.4;
				MTL_ENABLE_DEBUG_INFO = NO;
				MTL_FAST_MATH = YES;
				SDKROOT = iphoneos;
				SWIFT_COMPILATION_MODE = wholemodule;
				SWIFT_OPTIMIZATION_LEVEL = "-O";
				VALIDATE_PRODUCT = YES;
			};
			name = Release;
		};
		B4E471F22880420D00CAE4B8 /* Debug */ = {
			isa = XCBuildConfiguration;
			baseConfigurationReference = B4E4720628804F0200CAE4B8 /* Kiliaro-debug.xcconfig */;
			buildSettings = {
				ASSETCATALOG_COMPILER_APPICON_NAME = AppIcon;
				ASSETCATALOG_COMPILER_GLOBAL_ACCENT_COLOR_NAME = AccentColor;
				CODE_SIGN_STYLE = Automatic;
				CURRENT_PROJECT_VERSION = 1;
				GENERATE_INFOPLIST_FILE = YES;
				INFOPLIST_FILE = Kiliaro/Application/Info.plist;
				INFOPLIST_KEY_UIApplicationSupportsIndirectInputEvents = YES;
				INFOPLIST_KEY_UILaunchStoryboardName = LaunchScreen;
				INFOPLIST_KEY_UISupportedInterfaceOrientations = UIInterfaceOrientationPortrait;
				INFOPLIST_KEY_UISupportedInterfaceOrientations_iPad = "UIInterfaceOrientationPortrait UIInterfaceOrientationPortraitUpsideDown UIInterfaceOrientationLandscapeLeft UIInterfaceOrientationLandscapeRight";
				INFOPLIST_KEY_UISupportedInterfaceOrientations_iPhone = "UIInterfaceOrientationPortrait UIInterfaceOrientationLandscapeLeft UIInterfaceOrientationLandscapeRight";
				LD_RUNPATH_SEARCH_PATHS = (
					"$(inherited)",
					"@executable_path/Frameworks",
				);
				MARKETING_VERSION = 1.0;
				PRODUCT_BUNDLE_IDENTIFIER = com.sajjad.test.Kiliaro;
				PRODUCT_NAME = "$(TARGET_NAME)";
				SWIFT_EMIT_LOC_STRINGS = YES;
				SWIFT_VERSION = 5.0;
				TARGETED_DEVICE_FAMILY = 1;
			};
			name = Debug;
		};
		B4E471F32880420D00CAE4B8 /* Release */ = {
			isa = XCBuildConfiguration;
			baseConfigurationReference = B4E4720728804F0E00CAE4B8 /* Kiliaro-release.xcconfig */;
			buildSettings = {
				ASSETCATALOG_COMPILER_APPICON_NAME = AppIcon;
				ASSETCATALOG_COMPILER_GLOBAL_ACCENT_COLOR_NAME = AccentColor;
				CODE_SIGN_STYLE = Automatic;
				CURRENT_PROJECT_VERSION = 1;
				GENERATE_INFOPLIST_FILE = YES;
				INFOPLIST_FILE = Kiliaro/Application/Info.plist;
				INFOPLIST_KEY_UIApplicationSupportsIndirectInputEvents = YES;
				INFOPLIST_KEY_UILaunchStoryboardName = LaunchScreen;
				INFOPLIST_KEY_UISupportedInterfaceOrientations = UIInterfaceOrientationPortrait;
				INFOPLIST_KEY_UISupportedInterfaceOrientations_iPad = "UIInterfaceOrientationPortrait UIInterfaceOrientationPortraitUpsideDown UIInterfaceOrientationLandscapeLeft UIInterfaceOrientationLandscapeRight";
				INFOPLIST_KEY_UISupportedInterfaceOrientations_iPhone = "UIInterfaceOrientationPortrait UIInterfaceOrientationLandscapeLeft UIInterfaceOrientationLandscapeRight";
				LD_RUNPATH_SEARCH_PATHS = (
					"$(inherited)",
					"@executable_path/Frameworks",
				);
				MARKETING_VERSION = 1.0;
				PRODUCT_BUNDLE_IDENTIFIER = com.sajjad.test.Kiliaro;
				PRODUCT_NAME = "$(TARGET_NAME)";
				SWIFT_EMIT_LOC_STRINGS = YES;
				SWIFT_VERSION = 5.0;
				TARGETED_DEVICE_FAMILY = 1;
			};
			name = Release;
		};
		B4E471F52880420D00CAE4B8 /* Debug */ = {
			isa = XCBuildConfiguration;
			buildSettings = {
				ALWAYS_EMBED_SWIFT_STANDARD_LIBRARIES = YES;
				BUNDLE_LOADER = "$(TEST_HOST)";
				CODE_SIGN_STYLE = Automatic;
				CURRENT_PROJECT_VERSION = 1;
				GENERATE_INFOPLIST_FILE = YES;
				IPHONEOS_DEPLOYMENT_TARGET = 15.4;
				MARKETING_VERSION = 1.0;
				PRODUCT_BUNDLE_IDENTIFIER = com.sajjad.test.KiliaroTests;
				PRODUCT_NAME = "$(TARGET_NAME)";
				SWIFT_EMIT_LOC_STRINGS = NO;
				SWIFT_VERSION = 5.0;
				TARGETED_DEVICE_FAMILY = "1,2";
				TEST_HOST = "$(BUILT_PRODUCTS_DIR)/Kiliaro.app/Kiliaro";
			};
			name = Debug;
		};
		B4E471F62880420D00CAE4B8 /* Release */ = {
			isa = XCBuildConfiguration;
			buildSettings = {
				ALWAYS_EMBED_SWIFT_STANDARD_LIBRARIES = YES;
				BUNDLE_LOADER = "$(TEST_HOST)";
				CODE_SIGN_STYLE = Automatic;
				CURRENT_PROJECT_VERSION = 1;
				GENERATE_INFOPLIST_FILE = YES;
				IPHONEOS_DEPLOYMENT_TARGET = 15.4;
				MARKETING_VERSION = 1.0;
				PRODUCT_BUNDLE_IDENTIFIER = com.sajjad.test.KiliaroTests;
				PRODUCT_NAME = "$(TARGET_NAME)";
				SWIFT_EMIT_LOC_STRINGS = NO;
				SWIFT_VERSION = 5.0;
				TARGETED_DEVICE_FAMILY = "1,2";
				TEST_HOST = "$(BUILT_PRODUCTS_DIR)/Kiliaro.app/Kiliaro";
			};
			name = Release;
		};
		B4E471F82880420D00CAE4B8 /* Debug */ = {
			isa = XCBuildConfiguration;
			buildSettings = {
				ALWAYS_EMBED_SWIFT_STANDARD_LIBRARIES = YES;
				CODE_SIGN_STYLE = Automatic;
				CURRENT_PROJECT_VERSION = 1;
				GENERATE_INFOPLIST_FILE = YES;
				MARKETING_VERSION = 1.0;
				PRODUCT_BUNDLE_IDENTIFIER = com.sajjad.test.KiliaroUITests;
				PRODUCT_NAME = "$(TARGET_NAME)";
				SWIFT_EMIT_LOC_STRINGS = NO;
				SWIFT_VERSION = 5.0;
				TARGETED_DEVICE_FAMILY = "1,2";
				TEST_TARGET_NAME = Kiliaro;
			};
			name = Debug;
		};
		B4E471F92880420D00CAE4B8 /* Release */ = {
			isa = XCBuildConfiguration;
			buildSettings = {
				ALWAYS_EMBED_SWIFT_STANDARD_LIBRARIES = YES;
				CODE_SIGN_STYLE = Automatic;
				CURRENT_PROJECT_VERSION = 1;
				GENERATE_INFOPLIST_FILE = YES;
				MARKETING_VERSION = 1.0;
				PRODUCT_BUNDLE_IDENTIFIER = com.sajjad.test.KiliaroUITests;
				PRODUCT_NAME = "$(TARGET_NAME)";
				SWIFT_EMIT_LOC_STRINGS = NO;
				SWIFT_VERSION = 5.0;
				TARGETED_DEVICE_FAMILY = "1,2";
				TEST_TARGET_NAME = Kiliaro;
			};
			name = Release;
		};
/* End XCBuildConfiguration section */

/* Begin XCConfigurationList section */
		B4E471C22880420B00CAE4B8 /* Build configuration list for PBXProject "Kiliaro" */ = {
			isa = XCConfigurationList;
			buildConfigurations = (
				B4E471EF2880420D00CAE4B8 /* Debug */,
				B4E471F02880420D00CAE4B8 /* Release */,
			);
			defaultConfigurationIsVisible = 0;
			defaultConfigurationName = Release;
		};
		B4E471F12880420D00CAE4B8 /* Build configuration list for PBXNativeTarget "Kiliaro" */ = {
			isa = XCConfigurationList;
			buildConfigurations = (
				B4E471F22880420D00CAE4B8 /* Debug */,
				B4E471F32880420D00CAE4B8 /* Release */,
			);
			defaultConfigurationIsVisible = 0;
			defaultConfigurationName = Release;
		};
		B4E471F42880420D00CAE4B8 /* Build configuration list for PBXNativeTarget "KiliaroTests" */ = {
			isa = XCConfigurationList;
			buildConfigurations = (
				B4E471F52880420D00CAE4B8 /* Debug */,
				B4E471F62880420D00CAE4B8 /* Release */,
			);
			defaultConfigurationIsVisible = 0;
			defaultConfigurationName = Release;
		};
		B4E471F72880420D00CAE4B8 /* Build configuration list for PBXNativeTarget "KiliaroUITests" */ = {
			isa = XCConfigurationList;
			buildConfigurations = (
				B4E471F82880420D00CAE4B8 /* Debug */,
				B4E471F92880420D00CAE4B8 /* Release */,
			);
			defaultConfigurationIsVisible = 0;
			defaultConfigurationName = Release;
		};
/* End XCConfigurationList section */

/* Begin XCRemoteSwiftPackageReference section */
		B429374928981C990000CC8E /* XCRemoteSwiftPackageReference "Kingfisher" */ = {
			isa = XCRemoteSwiftPackageReference;
			repositoryURL = "https://github.com/onevcat/Kingfisher.git";
			requirement = {
				kind = upToNextMajorVersion;
				minimumVersion = 7.0.0;
			};
		};
/* End XCRemoteSwiftPackageReference section */

/* Begin XCSwiftPackageProductDependency section */
		B429374A28981C990000CC8E /* Kingfisher */ = {
			isa = XCSwiftPackageProductDependency;
			package = B429374928981C990000CC8E /* XCRemoteSwiftPackageReference "Kingfisher" */;
			productName = Kingfisher;
		};
/* End XCSwiftPackageProductDependency section */

/* Begin XCVersionGroup section */
		B429374C289822F50000CC8E /* Kiliaro.xcdatamodeld */ = {
			isa = XCVersionGroup;
			children = (
				B429374D289822F50000CC8E /* Kiliaro.xcdatamodel */,
			);
			currentVersion = B429374D289822F50000CC8E /* Kiliaro.xcdatamodel */;
			path = Kiliaro.xcdatamodeld;
			sourceTree = "<group>";
			versionGroupType = wrapper.xcdatamodel;
		};
/* End XCVersionGroup section */
	};
	rootObject = B4E471BF2880420B00CAE4B8 /* Project object */;
}
